// !$*UTF8*$!
{
	archiveVersion = 1;
	classes = {
	};
	objectVersion = 46;
	objects = {

/* Begin PBXBuildFile section */
		CF052B101D35F24E00826666 /* NSObject+OOModel.h in Headers */ = {isa = PBXBuildFile; fileRef = CF052B051D35F24E00826666 /* NSObject+OOModel.h */; settings = {ATTRIBUTES = (Public, ); }; };
		CF052B111D35F24E00826666 /* NSObject+OOModel.m in Sources */ = {isa = PBXBuildFile; fileRef = CF052B061D35F24E00826666 /* NSObject+OOModel.m */; };
		CF052B131D35F24E00826666 /* OODatabase.m in Sources */ = {isa = PBXBuildFile; fileRef = CF052B081D35F24E00826666 /* OODatabase.m */; };
		CF052B161D35F24E00826666 /* OOModelInfo.m in Sources */ = {isa = PBXBuildFile; fileRef = CF052B0B1D35F24E00826666 /* OOModelInfo.m */; };
		CF052B171D35F24E00826666 /* OOValueTransformer.h in Headers */ = {isa = PBXBuildFile; fileRef = CF052B0C1D35F24E00826666 /* OOValueTransformer.h */; settings = {ATTRIBUTES = (Public, ); }; };
		CF052B181D35F24E00826666 /* OOValueTransformer.m in Sources */ = {isa = PBXBuildFile; fileRef = CF052B0D1D35F24E00826666 /* OOValueTransformer.m */; };
		CF052B191D35F2B200826666 /* OODatabase.h in Headers */ = {isa = PBXBuildFile; fileRef = CF052B071D35F24E00826666 /* OODatabase.h */; settings = {ATTRIBUTES = (Public, ); }; };
		CF052B1A1D35F2B200826666 /* OOModel.h in Headers */ = {isa = PBXBuildFile; fileRef = CF052B091D35F24E00826666 /* OOModel.h */; settings = {ATTRIBUTES = (Public, ); }; };
		CF052B1B1D35F2B200826666 /* OOModelInfo.h in Headers */ = {isa = PBXBuildFile; fileRef = CF052B0A1D35F24E00826666 /* OOModelInfo.h */; settings = {ATTRIBUTES = (Public, ); }; };
		CF052B241D35F2EF00826666 /* main.m in Sources */ = {isa = PBXBuildFile; fileRef = CF052B231D35F2EF00826666 /* main.m */; };
		CF052B271D35F2EF00826666 /* AppDelegate.m in Sources */ = {isa = PBXBuildFile; fileRef = CF052B261D35F2EF00826666 /* AppDelegate.m */; };
		CF052B2A1D35F2EF00826666 /* ViewController.m in Sources */ = {isa = PBXBuildFile; fileRef = CF052B291D35F2EF00826666 /* ViewController.m */; };
		CF052B2D1D35F2EF00826666 /* Main.storyboard in Resources */ = {isa = PBXBuildFile; fileRef = CF052B2B1D35F2EF00826666 /* Main.storyboard */; };
		CF052B2F1D35F2EF00826666 /* Assets.xcassets in Resources */ = {isa = PBXBuildFile; fileRef = CF052B2E1D35F2EF00826666 /* Assets.xcassets */; };
		CF052B321D35F2EF00826666 /* LaunchScreen.storyboard in Resources */ = {isa = PBXBuildFile; fileRef = CF052B301D35F2EF00826666 /* LaunchScreen.storyboard */; };
		CF052B3B1D35F30400826666 /* DemoTableViewCell.m in Sources */ = {isa = PBXBuildFile; fileRef = CF052B391D35F30400826666 /* DemoTableViewCell.m */; };
		CF052B3C1D35F30400826666 /* DemoTableViewCell.xib in Resources */ = {isa = PBXBuildFile; fileRef = CF052B3A1D35F30400826666 /* DemoTableViewCell.xib */; };
		CF052B421D35F30B00826666 /* OORoadshow.m in Sources */ = {isa = PBXBuildFile; fileRef = CF052B3F1D35F30B00826666 /* OORoadshow.m */; };
		CF052B431D35F30B00826666 /* OOUser.m in Sources */ = {isa = PBXBuildFile; fileRef = CF052B411D35F30B00826666 /* OOUser.m */; };
		CF052B681D35F53100826666 /* OOModel.framework in Embed Frameworks */ = {isa = PBXBuildFile; fileRef = CF052AF71D35F22D00826666 /* OOModel.framework */; settings = {ATTRIBUTES = (CodeSignOnCopy, RemoveHeadersOnCopy, ); }; };
		CF1F9E521D8F8C05005234FC /* TestMD.m in Sources */ = {isa = PBXBuildFile; fileRef = CF1F9E4E1D8F8C05005234FC /* TestMD.m */; };
		CF1F9E541D8F8C05005234FC /* WMUser.m in Sources */ = {isa = PBXBuildFile; fileRef = CF1F9E511D8F8C05005234FC /* WMUser.m */; };
		CF1F9E561D8F9446005234FC /* user.json in Resources */ = {isa = PBXBuildFile; fileRef = CF1F9E4F1D8F8C05005234FC /* user.json */; };
/* End PBXBuildFile section */

/* Begin PBXCopyFilesBuildPhase section */
		CF052B521D35F4F100826666 /* Embed Frameworks */ = {
			isa = PBXCopyFilesBuildPhase;
			buildActionMask = 2147483647;
			dstPath = "";
			dstSubfolderSpec = 10;
			files = (
				CF052B681D35F53100826666 /* OOModel.framework in Embed Frameworks */,
			);
			name = "Embed Frameworks";
			runOnlyForDeploymentPostprocessing = 0;
		};
/* End PBXCopyFilesBuildPhase section */

/* Begin PBXFileReference section */
		CF052AF71D35F22D00826666 /* OOModel.framework */ = {isa = PBXFileReference; explicitFileType = wrapper.framework; includeInIndex = 0; path = OOModel.framework; sourceTree = BUILT_PRODUCTS_DIR; };
		CF052AFC1D35F22D00826666 /* Info.plist */ = {isa = PBXFileReference; lastKnownFileType = text.plist.xml; path = Info.plist; sourceTree = "<group>"; };
		CF052B051D35F24E00826666 /* NSObject+OOModel.h */ = {isa = PBXFileReference; fileEncoding = 4; lastKnownFileType = sourcecode.c.h; path = "NSObject+OOModel.h"; sourceTree = "<group>"; };
		CF052B061D35F24E00826666 /* NSObject+OOModel.m */ = {isa = PBXFileReference; fileEncoding = 4; lastKnownFileType = sourcecode.c.objc; path = "NSObject+OOModel.m"; sourceTree = "<group>"; };
		CF052B071D35F24E00826666 /* OODatabase.h */ = {isa = PBXFileReference; fileEncoding = 4; lastKnownFileType = sourcecode.c.h; path = OODatabase.h; sourceTree = "<group>"; };
		CF052B081D35F24E00826666 /* OODatabase.m */ = {isa = PBXFileReference; fileEncoding = 4; lastKnownFileType = sourcecode.c.objc; path = OODatabase.m; sourceTree = "<group>"; };
		CF052B091D35F24E00826666 /* OOModel.h */ = {isa = PBXFileReference; fileEncoding = 4; lastKnownFileType = sourcecode.c.h; path = OOModel.h; sourceTree = "<group>"; };
		CF052B0A1D35F24E00826666 /* OOModelInfo.h */ = {isa = PBXFileReference; fileEncoding = 4; lastKnownFileType = sourcecode.c.h; path = OOModelInfo.h; sourceTree = "<group>"; };
		CF052B0B1D35F24E00826666 /* OOModelInfo.m */ = {isa = PBXFileReference; fileEncoding = 4; lastKnownFileType = sourcecode.c.objc; path = OOModelInfo.m; sourceTree = "<group>"; };
		CF052B0C1D35F24E00826666 /* OOValueTransformer.h */ = {isa = PBXFileReference; fileEncoding = 4; lastKnownFileType = sourcecode.c.h; path = OOValueTransformer.h; sourceTree = "<group>"; };
		CF052B0D1D35F24E00826666 /* OOValueTransformer.m */ = {isa = PBXFileReference; fileEncoding = 4; lastKnownFileType = sourcecode.c.objc; path = OOValueTransformer.m; sourceTree = "<group>"; };
		CF052B201D35F2EF00826666 /* Test.app */ = {isa = PBXFileReference; explicitFileType = wrapper.application; includeInIndex = 0; path = Test.app; sourceTree = BUILT_PRODUCTS_DIR; };
		CF052B231D35F2EF00826666 /* main.m */ = {isa = PBXFileReference; lastKnownFileType = sourcecode.c.objc; path = main.m; sourceTree = "<group>"; };
		CF052B251D35F2EF00826666 /* AppDelegate.h */ = {isa = PBXFileReference; lastKnownFileType = sourcecode.c.h; path = AppDelegate.h; sourceTree = "<group>"; };
		CF052B261D35F2EF00826666 /* AppDelegate.m */ = {isa = PBXFileReference; lastKnownFileType = sourcecode.c.objc; path = AppDelegate.m; sourceTree = "<group>"; };
		CF052B281D35F2EF00826666 /* ViewController.h */ = {isa = PBXFileReference; lastKnownFileType = sourcecode.c.h; path = ViewController.h; sourceTree = "<group>"; };
		CF052B291D35F2EF00826666 /* ViewController.m */ = {isa = PBXFileReference; lastKnownFileType = sourcecode.c.objc; path = ViewController.m; sourceTree = "<group>"; };
		CF052B2C1D35F2EF00826666 /* Base */ = {isa = PBXFileReference; lastKnownFileType = file.storyboard; name = Base; path = Base.lproj/Main.storyboard; sourceTree = "<group>"; };
		CF052B2E1D35F2EF00826666 /* Assets.xcassets */ = {isa = PBXFileReference; lastKnownFileType = folder.assetcatalog; path = Assets.xcassets; sourceTree = "<group>"; };
		CF052B311D35F2EF00826666 /* Base */ = {isa = PBXFileReference; lastKnownFileType = file.storyboard; name = Base; path = Base.lproj/LaunchScreen.storyboard; sourceTree = "<group>"; };
		CF052B331D35F2EF00826666 /* Info.plist */ = {isa = PBXFileReference; lastKnownFileType = text.plist.xml; path = Info.plist; sourceTree = "<group>"; };
		CF052B381D35F30400826666 /* DemoTableViewCell.h */ = {isa = PBXFileReference; fileEncoding = 4; lastKnownFileType = sourcecode.c.h; path = DemoTableViewCell.h; sourceTree = "<group>"; };
		CF052B391D35F30400826666 /* DemoTableViewCell.m */ = {isa = PBXFileReference; fileEncoding = 4; lastKnownFileType = sourcecode.c.objc; path = DemoTableViewCell.m; sourceTree = "<group>"; };
		CF052B3A1D35F30400826666 /* DemoTableViewCell.xib */ = {isa = PBXFileReference; fileEncoding = 4; lastKnownFileType = file.xib; path = DemoTableViewCell.xib; sourceTree = "<group>"; };
		CF052B3E1D35F30B00826666 /* OORoadshow.h */ = {isa = PBXFileReference; fileEncoding = 4; lastKnownFileType = sourcecode.c.h; path = OORoadshow.h; sourceTree = "<group>"; };
		CF052B3F1D35F30B00826666 /* OORoadshow.m */ = {isa = PBXFileReference; fileEncoding = 4; lastKnownFileType = sourcecode.c.objc; path = OORoadshow.m; sourceTree = "<group>"; };
		CF052B401D35F30B00826666 /* OOUser.h */ = {isa = PBXFileReference; fileEncoding = 4; lastKnownFileType = sourcecode.c.h; path = OOUser.h; sourceTree = "<group>"; };
		CF052B411D35F30B00826666 /* OOUser.m */ = {isa = PBXFileReference; fileEncoding = 4; lastKnownFileType = sourcecode.c.objc; path = OOUser.m; sourceTree = "<group>"; };
		CF052B691D35F5F100826666 /* OOModel.podspec */ = {isa = PBXFileReference; lastKnownFileType = text; path = OOModel.podspec; sourceTree = "<group>"; };
		CF1F9E4D1D8F8C05005234FC /* TestMD.h */ = {isa = PBXFileReference; fileEncoding = 4; lastKnownFileType = sourcecode.c.h; path = TestMD.h; sourceTree = "<group>"; };
		CF1F9E4E1D8F8C05005234FC /* TestMD.m */ = {isa = PBXFileReference; fileEncoding = 4; lastKnownFileType = sourcecode.c.objc; path = TestMD.m; sourceTree = "<group>"; };
		CF1F9E4F1D8F8C05005234FC /* user.json */ = {isa = PBXFileReference; fileEncoding = 4; lastKnownFileType = text.json; path = user.json; sourceTree = "<group>"; };
		CF1F9E501D8F8C05005234FC /* WMUser.h */ = {isa = PBXFileReference; fileEncoding = 4; lastKnownFileType = sourcecode.c.h; path = WMUser.h; sourceTree = "<group>"; };
		CF1F9E511D8F8C05005234FC /* WMUser.m */ = {isa = PBXFileReference; fileEncoding = 4; lastKnownFileType = sourcecode.c.objc; path = WMUser.m; sourceTree = "<group>"; };
		CFA407631D372CF100B90376 /* LICENSE */ = {isa = PBXFileReference; lastKnownFileType = text; path = LICENSE; sourceTree = "<group>"; };
		CFA407641D372CF100B90376 /* README.md */ = {isa = PBXFileReference; lastKnownFileType = net.daringfireball.markdown; path = README.md; sourceTree = "<group>"; };
/* End PBXFileReference section */

/* Begin PBXFrameworksBuildPhase section */
		CF052AF31D35F22D00826666 /* Frameworks */ = {
			isa = PBXFrameworksBuildPhase;
			buildActionMask = 2147483647;
			files = (
			);
			runOnlyForDeploymentPostprocessing = 0;
		};
		CF052B1D1D35F2EF00826666 /* Frameworks */ = {
			isa = PBXFrameworksBuildPhase;
			buildActionMask = 2147483647;
			files = (
			);
			runOnlyForDeploymentPostprocessing = 0;
		};
/* End PBXFrameworksBuildPhase section */

/* Begin PBXGroup section */
		CF052AED1D35F22D00826666 = {
			isa = PBXGroup;
			children = (
				CFA407631D372CF100B90376 /* LICENSE */,
				CFA407641D372CF100B90376 /* README.md */,
				CF052B691D35F5F100826666 /* OOModel.podspec */,
				CF052AF91D35F22D00826666 /* OOModel */,
				CF052B211D35F2EF00826666 /* Test */,
				CF052AF81D35F22D00826666 /* Products */,
			);
			sourceTree = "<group>";
		};
		CF052AF81D35F22D00826666 /* Products */ = {
			isa = PBXGroup;
			children = (
				CF052AF71D35F22D00826666 /* OOModel.framework */,
				CF052B201D35F2EF00826666 /* Test.app */,
			);
			name = Products;
			sourceTree = "<group>";
		};
		CF052AF91D35F22D00826666 /* OOModel */ = {
			isa = PBXGroup;
			children = (
				CF052B021D35F24E00826666 /* Classes */,
				CF052AFC1D35F22D00826666 /* Info.plist */,
			);
			path = OOModel;
			sourceTree = "<group>";
		};
		CF052B021D35F24E00826666 /* Classes */ = {
			isa = PBXGroup;
			children = (
				CF052B051D35F24E00826666 /* NSObject+OOModel.h */,
				CF052B061D35F24E00826666 /* NSObject+OOModel.m */,
				CF052B071D35F24E00826666 /* OODatabase.h */,
				CF052B081D35F24E00826666 /* OODatabase.m */,
				CF052B091D35F24E00826666 /* OOModel.h */,
				CF052B0A1D35F24E00826666 /* OOModelInfo.h */,
				CF052B0B1D35F24E00826666 /* OOModelInfo.m */,
				CF052B0C1D35F24E00826666 /* OOValueTransformer.h */,
				CF052B0D1D35F24E00826666 /* OOValueTransformer.m */,
			);
			path = Classes;
			sourceTree = "<group>";
		};
		CF052B211D35F2EF00826666 /* Test */ = {
			isa = PBXGroup;
			children = (
				CF052B3D1D35F30B00826666 /* Models */,
				CF052B371D35F30400826666 /* Views */,
				CF052B251D35F2EF00826666 /* AppDelegate.h */,
				CF052B261D35F2EF00826666 /* AppDelegate.m */,
				CF052B281D35F2EF00826666 /* ViewController.h */,
				CF052B291D35F2EF00826666 /* ViewController.m */,
				CF052B2B1D35F2EF00826666 /* Main.storyboard */,
				CF052B2E1D35F2EF00826666 /* Assets.xcassets */,
				CF052B301D35F2EF00826666 /* LaunchScreen.storyboard */,
				CF052B331D35F2EF00826666 /* Info.plist */,
				CF052B221D35F2EF00826666 /* Supporting Files */,
			);
			path = Test;
			sourceTree = "<group>";
		};
		CF052B221D35F2EF00826666 /* Supporting Files */ = {
			isa = PBXGroup;
			children = (
				CF052B231D35F2EF00826666 /* main.m */,
			);
			name = "Supporting Files";
			sourceTree = "<group>";
		};
		CF052B371D35F30400826666 /* Views */ = {
			isa = PBXGroup;
			children = (
				CF052B381D35F30400826666 /* DemoTableViewCell.h */,
				CF052B391D35F30400826666 /* DemoTableViewCell.m */,
				CF052B3A1D35F30400826666 /* DemoTableViewCell.xib */,
			);
			path = Views;
			sourceTree = "<group>";
		};
		CF052B3D1D35F30B00826666 /* Models */ = {
			isa = PBXGroup;
			children = (
				CF1F9E4D1D8F8C05005234FC /* TestMD.h */,
				CF1F9E4E1D8F8C05005234FC /* TestMD.m */,
				CF1F9E4F1D8F8C05005234FC /* user.json */,
				CF1F9E501D8F8C05005234FC /* WMUser.h */,
				CF1F9E511D8F8C05005234FC /* WMUser.m */,
				CF052B3E1D35F30B00826666 /* OORoadshow.h */,
				CF052B3F1D35F30B00826666 /* OORoadshow.m */,
				CF052B401D35F30B00826666 /* OOUser.h */,
				CF052B411D35F30B00826666 /* OOUser.m */,
			);
			path = Models;
			sourceTree = "<group>";
		};
/* End PBXGroup section */

/* Begin PBXHeadersBuildPhase section */
		CF052AF41D35F22D00826666 /* Headers */ = {
			isa = PBXHeadersBuildPhase;
			buildActionMask = 2147483647;
			files = (
				CF052B191D35F2B200826666 /* OODatabase.h in Headers */,
				CF052B1A1D35F2B200826666 /* OOModel.h in Headers */,
				CF052B1B1D35F2B200826666 /* OOModelInfo.h in Headers */,
				CF052B101D35F24E00826666 /* NSObject+OOModel.h in Headers */,
				CF052B171D35F24E00826666 /* OOValueTransformer.h in Headers */,
			);
			runOnlyForDeploymentPostprocessing = 0;
		};
/* End PBXHeadersBuildPhase section */

/* Begin PBXNativeTarget section */
		CF052AF61D35F22D00826666 /* OOModel */ = {
			isa = PBXNativeTarget;
			buildConfigurationList = CF052AFF1D35F22D00826666 /* Build configuration list for PBXNativeTarget "OOModel" */;
			buildPhases = (
				CF052AF21D35F22D00826666 /* Sources */,
				CF052AF31D35F22D00826666 /* Frameworks */,
				CF052AF41D35F22D00826666 /* Headers */,
				CF052AF51D35F22D00826666 /* Resources */,
			);
			buildRules = (
			);
			dependencies = (
			);
			name = OOModel;
			productName = OOModel;
			productReference = CF052AF71D35F22D00826666 /* OOModel.framework */;
			productType = "com.apple.product-type.framework";
		};
		CF052B1F1D35F2EF00826666 /* Test */ = {
			isa = PBXNativeTarget;
			buildConfigurationList = CF052B341D35F2EF00826666 /* Build configuration list for PBXNativeTarget "Test" */;
			buildPhases = (
				CF052B1C1D35F2EF00826666 /* Sources */,
				CF052B1D1D35F2EF00826666 /* Frameworks */,
				CF052B1E1D35F2EF00826666 /* Resources */,
				CF052B521D35F4F100826666 /* Embed Frameworks */,
			);
			buildRules = (
			);
			dependencies = (
			);
			name = Test;
			productName = Test;
			productReference = CF052B201D35F2EF00826666 /* Test.app */;
			productType = "com.apple.product-type.application";
		};
/* End PBXNativeTarget section */

/* Begin PBXProject section */
		CF052AEE1D35F22D00826666 /* Project object */ = {
			isa = PBXProject;
			attributes = {
				LastUpgradeCheck = 0800;
				ORGANIZATIONNAME = oo;
				TargetAttributes = {
					CF052AF61D35F22D00826666 = {
						CreatedOnToolsVersion = 7.3.1;
					};
					CF052B1F1D35F2EF00826666 = {
						CreatedOnToolsVersion = 7.3.1;
					};
				};
			};
			buildConfigurationList = CF052AF11D35F22D00826666 /* Build configuration list for PBXProject "OOModel" */;
			compatibilityVersion = "Xcode 3.2";
			developmentRegion = English;
			hasScannedForEncodings = 0;
			knownRegions = (
				en,
				Base,
			);
			mainGroup = CF052AED1D35F22D00826666;
			productRefGroup = CF052AF81D35F22D00826666 /* Products */;
			projectDirPath = "";
			projectRoot = "";
			targets = (
				CF052AF61D35F22D00826666 /* OOModel */,
				CF052B1F1D35F2EF00826666 /* Test */,
			);
		};
/* End PBXProject section */

/* Begin PBXResourcesBuildPhase section */
		CF052AF51D35F22D00826666 /* Resources */ = {
			isa = PBXResourcesBuildPhase;
			buildActionMask = 2147483647;
			files = (
			);
			runOnlyForDeploymentPostprocessing = 0;
		};
		CF052B1E1D35F2EF00826666 /* Resources */ = {
			isa = PBXResourcesBuildPhase;
			buildActionMask = 2147483647;
			files = (
				CF1F9E561D8F9446005234FC /* user.json in Resources */,
				CF052B321D35F2EF00826666 /* LaunchScreen.storyboard in Resources */,
				CF052B2F1D35F2EF00826666 /* Assets.xcassets in Resources */,
				CF052B3C1D35F30400826666 /* DemoTableViewCell.xib in Resources */,
				CF052B2D1D35F2EF00826666 /* Main.storyboard in Resources */,
			);
			runOnlyForDeploymentPostprocessing = 0;
		};
/* End PBXResourcesBuildPhase section */

/* Begin PBXSourcesBuildPhase section */
		CF052AF21D35F22D00826666 /* Sources */ = {
			isa = PBXSourcesBuildPhase;
			buildActionMask = 2147483647;
			files = (
				CF052B131D35F24E00826666 /* OODatabase.m in Sources */,
				CF052B181D35F24E00826666 /* OOValueTransformer.m in Sources */,
				CF052B111D35F24E00826666 /* NSObject+OOModel.m in Sources */,
				CF052B161D35F24E00826666 /* OOModelInfo.m in Sources */,
			);
			runOnlyForDeploymentPostprocessing = 0;
		};
		CF052B1C1D35F2EF00826666 /* Sources */ = {
			isa = PBXSourcesBuildPhase;
			buildActionMask = 2147483647;
			files = (
				CF052B2A1D35F2EF00826666 /* ViewController.m in Sources */,
				CF052B271D35F2EF00826666 /* AppDelegate.m in Sources */,
				CF052B3B1D35F30400826666 /* DemoTableViewCell.m in Sources */,
				CF052B421D35F30B00826666 /* OORoadshow.m in Sources */,
				CF052B431D35F30B00826666 /* OOUser.m in Sources */,
				CF1F9E521D8F8C05005234FC /* TestMD.m in Sources */,
				CF1F9E541D8F8C05005234FC /* WMUser.m in Sources */,
				CF052B241D35F2EF00826666 /* main.m in Sources */,
			);
			runOnlyForDeploymentPostprocessing = 0;
		};
/* End PBXSourcesBuildPhase section */

/* Begin PBXVariantGroup section */
		CF052B2B1D35F2EF00826666 /* Main.storyboard */ = {
			isa = PBXVariantGroup;
			children = (
				CF052B2C1D35F2EF00826666 /* Base */,
			);
			name = Main.storyboard;
			sourceTree = "<group>";
		};
		CF052B301D35F2EF00826666 /* LaunchScreen.storyboard */ = {
			isa = PBXVariantGroup;
			children = (
				CF052B311D35F2EF00826666 /* Base */,
			);
			name = LaunchScreen.storyboard;
			sourceTree = "<group>";
		};
/* End PBXVariantGroup section */

/* Begin XCBuildConfiguration section */
		CF052AFD1D35F22D00826666 /* Debug */ = {
			isa = XCBuildConfiguration;
			buildSettings = {
				ALWAYS_SEARCH_USER_PATHS = NO;
				CLANG_ANALYZER_NONNULL = YES;
				CLANG_CXX_LANGUAGE_STANDARD = "gnu++0x";
				CLANG_CXX_LIBRARY = "libc++";
				CLANG_ENABLE_MODULES = YES;
				CLANG_ENABLE_OBJC_ARC = YES;
				CLANG_WARN_BOOL_CONVERSION = YES;
				CLANG_WARN_CONSTANT_CONVERSION = YES;
				CLANG_WARN_DIRECT_OBJC_ISA_USAGE = YES_ERROR;
				CLANG_WARN_EMPTY_BODY = YES;
				CLANG_WARN_ENUM_CONVERSION = YES;
				CLANG_WARN_INFINITE_RECURSION = YES;
				CLANG_WARN_INT_CONVERSION = YES;
				CLANG_WARN_OBJC_ROOT_CLASS = YES_ERROR;
				CLANG_WARN_SUSPICIOUS_MOVE = YES;
				CLANG_WARN_UNREACHABLE_CODE = YES;
				CLANG_WARN__DUPLICATE_METHOD_MATCH = YES;
				"CODE_SIGN_IDENTITY[sdk=iphoneos*]" = "iPhone Developer";
				COPY_PHASE_STRIP = NO;
				CURRENT_PROJECT_VERSION = 1;
				DEBUG_INFORMATION_FORMAT = dwarf;
				ENABLE_STRICT_OBJC_MSGSEND = YES;
				ENABLE_TESTABILITY = YES;
				GCC_C_LANGUAGE_STANDARD = gnu99;
				GCC_DYNAMIC_NO_PIC = NO;
				GCC_NO_COMMON_BLOCKS = YES;
				GCC_OPTIMIZATION_LEVEL = 0;
				GCC_PREPROCESSOR_DEFINITIONS = (
					"DEBUG=1",
					"$(inherited)",
				);
				GCC_WARN_64_TO_32_BIT_CONVERSION = YES;
				GCC_WARN_ABOUT_RETURN_TYPE = YES_ERROR;
				GCC_WARN_UNDECLARED_SELECTOR = YES;
				GCC_WARN_UNINITIALIZED_AUTOS = YES_AGGRESSIVE;
				GCC_WARN_UNUSED_FUNCTION = YES;
				GCC_WARN_UNUSED_VARIABLE = YES;
				IPHONEOS_DEPLOYMENT_TARGET = 8.0;
				MTL_ENABLE_DEBUG_INFO = YES;
				ONLY_ACTIVE_ARCH = YES;
				SDKROOT = iphoneos;
				TARGETED_DEVICE_FAMILY = "1,2";
				VERSIONING_SYSTEM = "apple-generic";
				VERSION_INFO_PREFIX = "";
			};
			name = Debug;
		};
		CF052AFE1D35F22D00826666 /* Release */ = {
			isa = XCBuildConfiguration;
			buildSettings = {
				ALWAYS_SEARCH_USER_PATHS = NO;
				CLANG_ANALYZER_NONNULL = YES;
				CLANG_CXX_LANGUAGE_STANDARD = "gnu++0x";
				CLANG_CXX_LIBRARY = "libc++";
				CLANG_ENABLE_MODULES = YES;
				CLANG_ENABLE_OBJC_ARC = YES;
				CLANG_WARN_BOOL_CONVERSION = YES;
				CLANG_WARN_CONSTANT_CONVERSION = YES;
				CLANG_WARN_DIRECT_OBJC_ISA_USAGE = YES_ERROR;
				CLANG_WARN_EMPTY_BODY = YES;
				CLANG_WARN_ENUM_CONVERSION = YES;
				CLANG_WARN_INFINITE_RECURSION = YES;
				CLANG_WARN_INT_CONVERSION = YES;
				CLANG_WARN_OBJC_ROOT_CLASS = YES_ERROR;
				CLANG_WARN_SUSPICIOUS_MOVE = YES;
				CLANG_WARN_UNREACHABLE_CODE = YES;
				CLANG_WARN__DUPLICATE_METHOD_MATCH = YES;
				"CODE_SIGN_IDENTITY[sdk=iphoneos*]" = "iPhone Developer";
				COPY_PHASE_STRIP = NO;
				CURRENT_PROJECT_VERSION = 1;
				DEBUG_INFORMATION_FORMAT = "dwarf-with-dsym";
				ENABLE_NS_ASSERTIONS = NO;
				ENABLE_STRICT_OBJC_MSGSEND = YES;
				GCC_C_LANGUAGE_STANDARD = gnu99;
				GCC_NO_COMMON_BLOCKS = YES;
				GCC_WARN_64_TO_32_BIT_CONVERSION = YES;
				GCC_WARN_ABOUT_RETURN_TYPE = YES_ERROR;
				GCC_WARN_UNDECLARED_SELECTOR = YES;
				GCC_WARN_UNINITIALIZED_AUTOS = YES_AGGRESSIVE;
				GCC_WARN_UNUSED_FUNCTION = YES;
				GCC_WARN_UNUSED_VARIABLE = YES;
				IPHONEOS_DEPLOYMENT_TARGET = 8.0;
				MTL_ENABLE_DEBUG_INFO = NO;
				SDKROOT = iphoneos;
				TARGETED_DEVICE_FAMILY = "1,2";
				VALIDATE_PRODUCT = YES;
				VERSIONING_SYSTEM = "apple-generic";
				VERSION_INFO_PREFIX = "";
			};
			name = Release;
		};
		CF052B001D35F22D00826666 /* Debug */ = {
			isa = XCBuildConfiguration;
			buildSettings = {
				CLANG_ALLOW_NON_MODULAR_INCLUDES_IN_FRAMEWORK_MODULES = NO;
				"CODE_SIGN_IDENTITY[sdk=iphoneos*]" = "";
				DEFINES_MODULE = YES;
				DYLIB_COMPATIBILITY_VERSION = 1;
				DYLIB_CURRENT_VERSION = 1;
				DYLIB_INSTALL_NAME_BASE = "@rpath";
				INFOPLIST_FILE = OOModel/Info.plist;
				INSTALL_PATH = "$(LOCAL_LIBRARY_DIR)/Frameworks";
				IPHONEOS_DEPLOYMENT_TARGET = 8.0;
				LD_RUNPATH_SEARCH_PATHS = "$(inherited) @executable_path/Frameworks @loader_path/Frameworks";
				OTHER_LDFLAGS = "-l'sqlite3'";
				PRODUCT_BUNDLE_IDENTIFIER = cn.comein.OOModel;
				PRODUCT_NAME = "$(TARGET_NAME)";
				SKIP_INSTALL = YES;
			};
			name = Debug;
		};
		CF052B011D35F22D00826666 /* Release */ = {
			isa = XCBuildConfiguration;
			buildSettings = {
				CLANG_ALLOW_NON_MODULAR_INCLUDES_IN_FRAMEWORK_MODULES = NO;
				"CODE_SIGN_IDENTITY[sdk=iphoneos*]" = "";
				DEFINES_MODULE = YES;
				DYLIB_COMPATIBILITY_VERSION = 1;
				DYLIB_CURRENT_VERSION = 1;
				DYLIB_INSTALL_NAME_BASE = "@rpath";
				INFOPLIST_FILE = OOModel/Info.plist;
				INSTALL_PATH = "$(LOCAL_LIBRARY_DIR)/Frameworks";
				IPHONEOS_DEPLOYMENT_TARGET = 8.0;
				LD_RUNPATH_SEARCH_PATHS = "$(inherited) @executable_path/Frameworks @loader_path/Frameworks";
				OTHER_LDFLAGS = "-l'sqlite3'";
				PRODUCT_BUNDLE_IDENTIFIER = cn.comein.OOModel;
				PRODUCT_NAME = "$(TARGET_NAME)";
				SKIP_INSTALL = YES;
			};
			name = Release;
		};
		CF052B351D35F2EF00826666 /* Debug */ = {
			isa = XCBuildConfiguration;
			buildSettings = {
				ASSETCATALOG_COMPILER_APPICON_NAME = AppIcon;
				CLANG_ALLOW_NON_MODULAR_INCLUDES_IN_FRAMEWORK_MODULES = YES;
				DEVELOPMENT_TEAM = "";
				INFOPLIST_FILE = Test/Info.plist;
				IPHONEOS_DEPLOYMENT_TARGET = 8.0;
				LD_RUNPATH_SEARCH_PATHS = "$(inherited) @executable_path/Frameworks";
				OTHER_LDFLAGS = (
					"-framework",
					OOModel,
				);
				PRODUCT_BUNDLE_IDENTIFIER = cn.comein.Test;
				PRODUCT_NAME = "$(TARGET_NAME)";
			};
			name = Debug;
		};
		CF052B361D35F2EF00826666 /* Release */ = {
			isa = XCBuildConfiguration;
			buildSettings = {
				ASSETCATALOG_COMPILER_APPICON_NAME = AppIcon;
				CLANG_ALLOW_NON_MODULAR_INCLUDES_IN_FRAMEWORK_MODULES = YES;
				DEVELOPMENT_TEAM = "";
				INFOPLIST_FILE = Test/Info.plist;
				IPHONEOS_DEPLOYMENT_TARGET = 8.0;
				LD_RUNPATH_SEARCH_PATHS = "$(inherited) @executable_path/Frameworks";
				OTHER_LDFLAGS = (
					"-framework",
					OOModel,
				);
				PRODUCT_BUNDLE_IDENTIFIER = cn.comein.Test;
				PRODUCT_NAME = "$(TARGET_NAME)";
			};
			name = Release;
		};
/* End XCBuildConfiguration section */

/* Begin XCConfigurationList section */
		CF052AF11D35F22D00826666 /* Build configuration list for PBXProject "OOModel" */ = {
			isa = XCConfigurationList;
			buildConfigurations = (
				CF052AFD1D35F22D00826666 /* Debug */,
				CF052AFE1D35F22D00826666 /* Release */,
			);
			defaultConfigurationIsVisible = 0;
			defaultConfigurationName = Release;
		};
		CF052AFF1D35F22D00826666 /* Build configuration list for PBXNativeTarget "OOModel" */ = {
			isa = XCConfigurationList;
			buildConfigurations = (
				CF052B001D35F22D00826666 /* Debug */,
				CF052B011D35F22D00826666 /* Release */,
			);
			defaultConfigurationIsVisible = 0;
			defaultConfigurationName = Release;
		};
		CF052B341D35F2EF00826666 /* Build configuration list for PBXNativeTarget "Test" */ = {
			isa = XCConfigurationList;
			buildConfigurations = (
				CF052B351D35F2EF00826666 /* Debug */,
				CF052B361D35F2EF00826666 /* Release */,
			);
			defaultConfigurationIsVisible = 0;
			defaultConfigurationName = Release;
		};
/* End XCConfigurationList section */
	};
	rootObject = CF052AEE1D35F22D00826666 /* Project object */;
}
