// !$*UTF8*$!
{
	archiveVersion = 1;
	classes = {
	};
	objectVersion = 46;
	objects = {

/* Begin PBXBuildFile section */
		4A644066E165ED37DD1D3374 /* libPods.a in Frameworks */ = {isa = PBXBuildFile; fileRef = E786B327BA76A1EB25EB949F /* libPods.a */; };
		519813C81BAEFEEA00CBF87A /* main.m in Sources */ = {isa = PBXBuildFile; fileRef = 519813C71BAEFEEA00CBF87A /* main.m */; };
		519813CB1BAEFEEA00CBF87A /* AppDelegate.m in Sources */ = {isa = PBXBuildFile; fileRef = 519813CA1BAEFEEA00CBF87A /* AppDelegate.m */; };
		519813D11BAEFEEA00CBF87A /* Main.storyboard in Resources */ = {isa = PBXBuildFile; fileRef = 519813CF1BAEFEEA00CBF87A /* Main.storyboard */; };
		519813D31BAEFEEA00CBF87A /* Assets.xcassets in Resources */ = {isa = PBXBuildFile; fileRef = 519813D21BAEFEEA00CBF87A /* Assets.xcassets */; };
		519813D61BAEFEEA00CBF87A /* LaunchScreen.storyboard in Resources */ = {isa = PBXBuildFile; fileRef = 519813D41BAEFEEA00CBF87A /* LaunchScreen.storyboard */; };
		519813E31BAF039600CBF87A /* OOModel.m in Sources */ = {isa = PBXBuildFile; fileRef = 519813DF1BAF039600CBF87A /* OOModel.m */; settings = {ASSET_TAGS = (); }; };
		519813E41BAF039600CBF87A /* ViewController.m in Sources */ = {isa = PBXBuildFile; fileRef = 519813E21BAF039600CBF87A /* ViewController.m */; settings = {ASSET_TAGS = (); }; };
/* End PBXBuildFile section */

/* Begin PBXFileReference section */
		519813C31BAEFEEA00CBF87A /* OOModel.app */ = {isa = PBXFileReference; explicitFileType = wrapper.application; includeInIndex = 0; path = OOModel.app; sourceTree = BUILT_PRODUCTS_DIR; };
		519813C71BAEFEEA00CBF87A /* main.m */ = {isa = PBXFileReference; lastKnownFileType = sourcecode.c.objc; path = main.m; sourceTree = "<group>"; };
		519813C91BAEFEEA00CBF87A /* AppDelegate.h */ = {isa = PBXFileReference; lastKnownFileType = sourcecode.c.h; path = AppDelegate.h; sourceTree = "<group>"; };
		519813CA1BAEFEEA00CBF87A /* AppDelegate.m */ = {isa = PBXFileReference; lastKnownFileType = sourcecode.c.objc; path = AppDelegate.m; sourceTree = "<group>"; };
		519813D01BAEFEEA00CBF87A /* Base */ = {isa = PBXFileReference; lastKnownFileType = file.storyboard; name = Base; path = Base.lproj/Main.storyboard; sourceTree = "<group>"; };
		519813D21BAEFEEA00CBF87A /* Assets.xcassets */ = {isa = PBXFileReference; lastKnownFileType = folder.assetcatalog; path = Assets.xcassets; sourceTree = "<group>"; };
		519813D51BAEFEEA00CBF87A /* Base */ = {isa = PBXFileReference; lastKnownFileType = file.storyboard; name = Base; path = Base.lproj/LaunchScreen.storyboard; sourceTree = "<group>"; };
		519813D71BAEFEEA00CBF87A /* Info.plist */ = {isa = PBXFileReference; lastKnownFileType = text.plist.xml; path = Info.plist; sourceTree = "<group>"; };
		519813DE1BAF039600CBF87A /* OOModel.h */ = {isa = PBXFileReference; fileEncoding = 4; lastKnownFileType = sourcecode.c.h; path = OOModel.h; sourceTree = "<group>"; };
		519813DF1BAF039600CBF87A /* OOModel.m */ = {isa = PBXFileReference; fileEncoding = 4; lastKnownFileType = sourcecode.c.objc; path = OOModel.m; sourceTree = "<group>"; };
		519813E11BAF039600CBF87A /* ViewController.h */ = {isa = PBXFileReference; fileEncoding = 4; lastKnownFileType = sourcecode.c.h; path = ViewController.h; sourceTree = "<group>"; };
		519813E21BAF039600CBF87A /* ViewController.m */ = {isa = PBXFileReference; fileEncoding = 4; lastKnownFileType = sourcecode.c.objc; path = ViewController.m; sourceTree = "<group>"; };
		E2AE905D448D843447F1F3C6 /* Pods.release.xcconfig */ = {isa = PBXFileReference; includeInIndex = 1; lastKnownFileType = text.xcconfig; name = Pods.release.xcconfig; path = "Pods/Target Support Files/Pods/Pods.release.xcconfig"; sourceTree = "<group>"; };
		E786B327BA76A1EB25EB949F /* libPods.a */ = {isa = PBXFileReference; explicitFileType = archive.ar; includeInIndex = 0; path = libPods.a; sourceTree = BUILT_PRODUCTS_DIR; };
		F871B657A5BFD22682D56AB9 /* Pods.debug.xcconfig */ = {isa = PBXFileReference; includeInIndex = 1; lastKnownFileType = text.xcconfig; name = Pods.debug.xcconfig; path = "Pods/Target Support Files/Pods/Pods.debug.xcconfig"; sourceTree = "<group>"; };
/* End PBXFileReference section */

/* Begin PBXFrameworksBuildPhase section */
		519813C01BAEFEEA00CBF87A /* Frameworks */ = {
			isa = PBXFrameworksBuildPhase;
			buildActionMask = 2147483647;
			files = (
				4A644066E165ED37DD1D3374 /* libPods.a in Frameworks */,
			);
			runOnlyForDeploymentPostprocessing = 0;
		};
/* End PBXFrameworksBuildPhase section */

/* Begin PBXGroup section */
		519813BA1BAEFEEA00CBF87A = {
			isa = PBXGroup;
			children = (
				519813C51BAEFEEA00CBF87A /* OOModel */,
				519813C41BAEFEEA00CBF87A /* Products */,
				D46365CBAF346A6FA44D3A70 /* Pods */,
				C7628F208105F13ADA2D3488 /* Frameworks */,
			);
			sourceTree = "<group>";
		};
		519813C41BAEFEEA00CBF87A /* Products */ = {
			isa = PBXGroup;
			children = (
				519813C31BAEFEEA00CBF87A /* OOModel.app */,
			);
			name = Products;
			sourceTree = "<group>";
		};
		519813C51BAEFEEA00CBF87A /* OOModel */ = {
			isa = PBXGroup;
			children = (
				519813DD1BAF039600CBF87A /* Class */,
				519813E01BAF039600CBF87A /* ViewControllers */,
				519813C91BAEFEEA00CBF87A /* AppDelegate.h */,
				519813CA1BAEFEEA00CBF87A /* AppDelegate.m */,
				519813CF1BAEFEEA00CBF87A /* Main.storyboard */,
				519813D21BAEFEEA00CBF87A /* Assets.xcassets */,
				519813D41BAEFEEA00CBF87A /* LaunchScreen.storyboard */,
				519813D71BAEFEEA00CBF87A /* Info.plist */,
				519813C61BAEFEEA00CBF87A /* Supporting Files */,
			);
			path = OOModel;
			sourceTree = "<group>";
		};
		519813C61BAEFEEA00CBF87A /* Supporting Files */ = {
			isa = PBXGroup;
			children = (
				519813C71BAEFEEA00CBF87A /* main.m */,
			);
			name = "Supporting Files";
			sourceTree = "<group>";
		};
		519813DD1BAF039600CBF87A /* Class */ = {
			isa = PBXGroup;
			children = (
				519813DE1BAF039600CBF87A /* OOModel.h */,
				519813DF1BAF039600CBF87A /* OOModel.m */,
			);
			path = Class;
			sourceTree = "<group>";
		};
		519813E01BAF039600CBF87A /* ViewControllers */ = {
			isa = PBXGroup;
			children = (
				519813E11BAF039600CBF87A /* ViewController.h */,
				519813E21BAF039600CBF87A /* ViewController.m */,
			);
			path = ViewControllers;
			sourceTree = "<group>";
		};
		C7628F208105F13ADA2D3488 /* Frameworks */ = {
			isa = PBXGroup;
			children = (
				E786B327BA76A1EB25EB949F /* libPods.a */,
			);
			name = Frameworks;
			sourceTree = "<group>";
		};
		D46365CBAF346A6FA44D3A70 /* Pods */ = {
			isa = PBXGroup;
			children = (
				F871B657A5BFD22682D56AB9 /* Pods.debug.xcconfig */,
				E2AE905D448D843447F1F3C6 /* Pods.release.xcconfig */,
			);
			name = Pods;
			sourceTree = "<group>";
		};
/* End PBXGroup section */

/* Begin PBXNativeTarget section */
		519813C21BAEFEEA00CBF87A /* OOModel */ = {
			isa = PBXNativeTarget;
			buildConfigurationList = 519813DA1BAEFEEA00CBF87A /* Build configuration list for PBXNativeTarget "OOModel" */;
			buildPhases = (
				6D9CC2DD4DB96F44443F0B7D /* Check Pods Manifest.lock */,
				519813BF1BAEFEEA00CBF87A /* Sources */,
				519813C01BAEFEEA00CBF87A /* Frameworks */,
				519813C11BAEFEEA00CBF87A /* Resources */,
				3BA3776015602DB6E1A6068E /* Copy Pods Resources */,
			);
			buildRules = (
			);
			dependencies = (
			);
			name = OOModel;
			productName = OOModel;
			productReference = 519813C31BAEFEEA00CBF87A /* OOModel.app */;
			productType = "com.apple.product-type.application";
		};
/* End PBXNativeTarget section */

/* Begin PBXProject section */
		519813BB1BAEFEEA00CBF87A /* Project object */ = {
			isa = PBXProject;
			attributes = {
				LastUpgradeCheck = 0700;
				ORGANIZATIONNAME = comein;
				TargetAttributes = {
					519813C21BAEFEEA00CBF87A = {
						CreatedOnToolsVersion = 7.0;
					};
				};
			};
			buildConfigurationList = 519813BE1BAEFEEA00CBF87A /* Build configuration list for PBXProject "OOModel" */;
			compatibilityVersion = "Xcode 3.2";
			developmentRegion = English;
			hasScannedForEncodings = 0;
			knownRegions = (
				en,
				Base,
			);
			mainGroup = 519813BA1BAEFEEA00CBF87A;
			productRefGroup = 519813C41BAEFEEA00CBF87A /* Products */;
			projectDirPath = "";
			projectRoot = "";
			targets = (
				519813C21BAEFEEA00CBF87A /* OOModel */,
			);
		};
/* End PBXProject section */

/* Begin PBXResourcesBuildPhase section */
		519813C11BAEFEEA00CBF87A /* Resources */ = {
			isa = PBXResourcesBuildPhase;
			buildActionMask = 2147483647;
			files = (
				519813D61BAEFEEA00CBF87A /* LaunchScreen.storyboard in Resources */,
				519813D31BAEFEEA00CBF87A /* Assets.xcassets in Resources */,
				519813D11BAEFEEA00CBF87A /* Main.storyboard in Resources */,
			);
			runOnlyForDeploymentPostprocessing = 0;
		};
/* End PBXResourcesBuildPhase section */

/* Begin PBXShellScriptBuildPhase section */
		3BA3776015602DB6E1A6068E /* Copy Pods Resources */ = {
			isa = PBXShellScriptBuildPhase;
			buildActionMask = 2147483647;
			files = (
			);
			inputPaths = (
			);
			name = "Copy Pods Resources";
			outputPaths = (
			);
			runOnlyForDeploymentPostprocessing = 0;
			shellPath = /bin/sh;
			shellScript = "\"${SRCROOT}/Pods/Target Support Files/Pods/Pods-resources.sh\"\n";
			showEnvVarsInLog = 0;
		};
		6D9CC2DD4DB96F44443F0B7D /* Check Pods Manifest.lock */ = {
			isa = PBXShellScriptBuildPhase;
			buildActionMask = 2147483647;
			files = (
			);
			inputPaths = (
			);
			name = "Check Pods Manifest.lock";
			outputPaths = (
			);
			runOnlyForDeploymentPostprocessing = 0;
			shellPath = /bin/sh;
			shellScript = "diff \"${PODS_ROOT}/../Podfile.lock\" \"${PODS_ROOT}/Manifest.lock\" > /dev/null\nif [[ $? != 0 ]] ; then\n    cat << EOM\nerror: The sandbox is not in sync with the Podfile.lock. Run 'pod install' or update your CocoaPods installation.\nEOM\n    exit 1\nfi\n";
			showEnvVarsInLog = 0;
		};
/* End PBXShellScriptBuildPhase section */

/* Begin PBXSourcesBuildPhase section */
		519813BF1BAEFEEA00CBF87A /* Sources */ = {
			isa = PBXSourcesBuildPhase;
			buildActionMask = 2147483647;
			files = (
				519813E31BAF039600CBF87A /* OOModel.m in Sources */,
				519813CB1BAEFEEA00CBF87A /* AppDelegate.m in Sources */,
				519813E41BAF039600CBF87A /* ViewController.m in Sources */,
				519813C81BAEFEEA00CBF87A /* main.m in Sources */,
			);
			runOnlyForDeploymentPostprocessing = 0;
		};
/* End PBXSourcesBuildPhase section */

/* Begin PBXVariantGroup section */
		519813CF1BAEFEEA00CBF87A /* Main.storyboard */ = {
			isa = PBXVariantGroup;
			children = (
				519813D01BAEFEEA00CBF87A /* Base */,
			);
			name = Main.storyboard;
			sourceTree = "<group>";
		};
		519813D41BAEFEEA00CBF87A /* LaunchScreen.storyboard */ = {
			isa = PBXVariantGroup;
			children = (
				519813D51BAEFEEA00CBF87A /* Base */,
			);
			name = LaunchScreen.storyboard;
			sourceTree = "<group>";
		};
/* End PBXVariantGroup section */

/* Begin XCBuildConfiguration section */
		519813D81BAEFEEA00CBF87A /* Debug */ = {
			isa = XCBuildConfiguration;
			buildSettings = {
				ALWAYS_SEARCH_USER_PATHS = NO;
				CLANG_CXX_LANGUAGE_STANDARD = "gnu++0x";
				CLANG_CXX_LIBRARY = "libc++";
				CLANG_ENABLE_MODULES = YES;
				CLANG_ENABLE_OBJC_ARC = YES;
				CLANG_WARN_BOOL_CONVERSION = YES;
				CLANG_WARN_CONSTANT_CONVERSION = YES;
				CLANG_WARN_DIRECT_OBJC_ISA_USAGE = YES_ERROR;
				CLANG_WARN_EMPTY_BODY = YES;
				CLANG_WARN_ENUM_CONVERSION = YES;
				CLANG_WARN_INT_CONVERSION = YES;
				CLANG_WARN_OBJC_ROOT_CLASS = YES_ERROR;
				CLANG_WARN_UNREACHABLE_CODE = YES;
				CLANG_WARN__DUPLICATE_METHOD_MATCH = YES;
				"CODE_SIGN_IDENTITY[sdk=iphoneos*]" = "iPhone Developer";
				COPY_PHASE_STRIP = NO;
				DEBUG_INFORMATION_FORMAT = dwarf;
				ENABLE_STRICT_OBJC_MSGSEND = YES;
				ENABLE_TESTABILITY = YES;
				GCC_C_LANGUAGE_STANDARD = gnu99;
				GCC_DYNAMIC_NO_PIC = NO;
				GCC_NO_COMMON_BLOCKS = YES;
				GCC_OPTIMIZATION_LEVEL = 0;
				GCC_PREPROCESSOR_DEFINITIONS = (
					"DEBUG=1",
					"$(inherited)",
				);
				GCC_WARN_64_TO_32_BIT_CONVERSION = YES;
				GCC_WARN_ABOUT_RETURN_TYPE = YES_ERROR;
				GCC_WARN_UNDECLARED_SELECTOR = YES;
				GCC_WARN_UNINITIALIZED_AUTOS = YES_AGGRESSIVE;
				GCC_WARN_UNUSED_FUNCTION = YES;
				GCC_WARN_UNUSED_VARIABLE = YES;
				IPHONEOS_DEPLOYMENT_TARGET = 9.0;
				MTL_ENABLE_DEBUG_INFO = YES;
				ONLY_ACTIVE_ARCH = YES;
				SDKROOT = iphoneos;
			};
			name = Debug;
		};
		519813D91BAEFEEA00CBF87A /* Release */ = {
			isa = XCBuildConfiguration;
			buildSettings = {
				ALWAYS_SEARCH_USER_PATHS = NO;
				CLANG_CXX_LANGUAGE_STANDARD = "gnu++0x";
				CLANG_CXX_LIBRARY = "libc++";
				CLANG_ENABLE_MODULES = YES;
				CLANG_ENABLE_OBJC_ARC = YES;
				CLANG_WARN_BOOL_CONVERSION = YES;
				CLANG_WARN_CONSTANT_CONVERSION = YES;
				CLANG_WARN_DIRECT_OBJC_ISA_USAGE = YES_ERROR;
				CLANG_WARN_EMPTY_BODY = YES;
				CLANG_WARN_ENUM_CONVERSION = YES;
				CLANG_WARN_INT_CONVERSION = YES;
				CLANG_WARN_OBJC_ROOT_CLASS = YES_ERROR;
				CLANG_WARN_UNREACHABLE_CODE = YES;
				CLANG_WARN__DUPLICATE_METHOD_MATCH = YES;
				"CODE_SIGN_IDENTITY[sdk=iphoneos*]" = "iPhone Developer";
				COPY_PHASE_STRIP = NO;
				DEBUG_INFORMATION_FORMAT = "dwarf-with-dsym";
				ENABLE_NS_ASSERTIONS = NO;
				ENABLE_STRICT_OBJC_MSGSEND = YES;
				GCC_C_LANGUAGE_STANDARD = gnu99;
				GCC_NO_COMMON_BLOCKS = YES;
				GCC_WARN_64_TO_32_BIT_CONVERSION = YES;
				GCC_WARN_ABOUT_RETURN_TYPE = YES_ERROR;
				GCC_WARN_UNDECLARED_SELECTOR = YES;
				GCC_WARN_UNINITIALIZED_AUTOS = YES_AGGRESSIVE;
				GCC_WARN_UNUSED_FUNCTION = YES;
				GCC_WARN_UNUSED_VARIABLE = YES;
				IPHONEOS_DEPLOYMENT_TARGET = 9.0;
				MTL_ENABLE_DEBUG_INFO = NO;
				SDKROOT = iphoneos;
				VALIDATE_PRODUCT = YES;
			};
			name = Release;
		};
		519813DB1BAEFEEA00CBF87A /* Debug */ = {
			isa = XCBuildConfiguration;
			baseConfigurationReference = F871B657A5BFD22682D56AB9 /* Pods.debug.xcconfig */;
			buildSettings = {
				ASSETCATALOG_COMPILER_APPICON_NAME = AppIcon;
				INFOPLIST_FILE = OOModel/Info.plist;
				LD_RUNPATH_SEARCH_PATHS = "$(inherited) @executable_path/Frameworks";
				PRODUCT_BUNDLE_IDENTIFIER = cn.comein.OOModel;
				PRODUCT_NAME = "$(TARGET_NAME)";
			};
			name = Debug;
		};
		519813DC1BAEFEEA00CBF87A /* Release */ = {
			isa = XCBuildConfiguration;
			baseConfigurationReference = E2AE905D448D843447F1F3C6 /* Pods.release.xcconfig */;
			buildSettings = {
				ASSETCATALOG_COMPILER_APPICON_NAME = AppIcon;
				INFOPLIST_FILE = OOModel/Info.plist;
				LD_RUNPATH_SEARCH_PATHS = "$(inherited) @executable_path/Frameworks";
				PRODUCT_BUNDLE_IDENTIFIER = cn.comein.OOModel;
				PRODUCT_NAME = "$(TARGET_NAME)";
			};
			name = Release;
		};
/* End XCBuildConfiguration section */

/* Begin XCConfigurationList section */
		519813BE1BAEFEEA00CBF87A /* Build configuration list for PBXProject "OOModel" */ = {
			isa = XCConfigurationList;
			buildConfigurations = (
				519813D81BAEFEEA00CBF87A /* Debug */,
				519813D91BAEFEEA00CBF87A /* Release */,
			);
			defaultConfigurationIsVisible = 0;
			defaultConfigurationName = Release;
		};
		519813DA1BAEFEEA00CBF87A /* Build configuration list for PBXNativeTarget "OOModel" */ = {
			isa = XCConfigurationList;
			buildConfigurations = (
				519813DB1BAEFEEA00CBF87A /* Debug */,
				519813DC1BAEFEEA00CBF87A /* Release */,
			);
			defaultConfigurationIsVisible = 0;
			defaultConfigurationName = Release;
		};
/* End XCConfigurationList section */
	};
	rootObject = 519813BB1BAEFEEA00CBF87A /* Project object */;
}
